// !$*UTF8*$!
{
	archiveVersion = 1;
	classes = {
	};
	objectVersion = 77;
	objects = {

/* Begin PBXBuildFile section */
		2248D0C62F0FCE4A0090E930 /* PunchClockWatch Watch App.app in Embed Watch Content */ = {isa = PBXBuildFile; fileRef = 2248D0C52F0FCE4A0090E930 /* PunchClockWatch Watch App.app */; settings = {ATTRIBUTES = (RemoveHeadersOnCopy, ); }; };
		22D467912F0E7F5E00DEC0E8 /* WidgetKit.framework in Frameworks */ = {isa = PBXBuildFile; fileRef = 22D467902F0E7F5E00DEC0E8 /* WidgetKit.framework */; };
		22D467932F0E7F5E00DEC0E8 /* SwiftUI.framework in Frameworks */ = {isa = PBXBuildFile; fileRef = 22D467922F0E7F5E00DEC0E8 /* SwiftUI.framework */; };
		22D467A42F0E7F5F00DEC0E8 /* PunchClockWidgetExtension.appex in Embed Foundation Extensions */ = {isa = PBXBuildFile; fileRef = 22D4678E2F0E7F5E00DEC0E8 /* PunchClockWidgetExtension.appex */; settings = {ATTRIBUTES = (RemoveHeadersOnCopy, ); }; };
/* End PBXBuildFile section */

/* Begin PBXContainerItemProxy section */
		2248D0C72F0FCE4A0090E930 /* PBXContainerItemProxy */ = {
			isa = PBXContainerItemProxy;
			containerPortal = 22D4673A2F0E766400DEC0E8 /* Project object */;
			proxyType = 1;
			remoteGlobalIDString = 2248D0C42F0FCE4A0090E930;
			remoteInfo = "PunchClockWatch Watch App";
		};
		2248D0D52F0FCE4C0090E930 /* PBXContainerItemProxy */ = {
			isa = PBXContainerItemProxy;
			containerPortal = 22D4673A2F0E766400DEC0E8 /* Project object */;
			proxyType = 1;
			remoteGlobalIDString = 2248D0C42F0FCE4A0090E930;
			remoteInfo = "PunchClockWatch Watch App";
		};
		2248D0DF2F0FCE4C0090E930 /* PBXContainerItemProxy */ = {
			isa = PBXContainerItemProxy;
			containerPortal = 22D4673A2F0E766400DEC0E8 /* Project object */;
			proxyType = 1;
			remoteGlobalIDString = 2248D0C42F0FCE4A0090E930;
			remoteInfo = "PunchClockWatch Watch App";
		};
		22D467522F0E766600DEC0E8 /* PBXContainerItemProxy */ = {
			isa = PBXContainerItemProxy;
			containerPortal = 22D4673A2F0E766400DEC0E8 /* Project object */;
			proxyType = 1;
			remoteGlobalIDString = 22D467412F0E766400DEC0E8;
			remoteInfo = PunchClock;
		};
		22D4675C2F0E766600DEC0E8 /* PBXContainerItemProxy */ = {
			isa = PBXContainerItemProxy;
			containerPortal = 22D4673A2F0E766400DEC0E8 /* Project object */;
			proxyType = 1;
			remoteGlobalIDString = 22D467412F0E766400DEC0E8;
			remoteInfo = PunchClock;
		};
		22D467A22F0E7F5F00DEC0E8 /* PBXContainerItemProxy */ = {
			isa = PBXContainerItemProxy;
			containerPortal = 22D4673A2F0E766400DEC0E8 /* Project object */;
			proxyType = 1;
			remoteGlobalIDString = 22D4678D2F0E7F5E00DEC0E8;
			remoteInfo = PunchClockWidgetExtension;
		};
/* End PBXContainerItemProxy section */

/* Begin PBXCopyFilesBuildPhase section */
		2248D0E92F0FCE4C0090E930 /* Embed Watch Content */ = {
			isa = PBXCopyFilesBuildPhase;
			buildActionMask = 2147483647;
			dstPath = "$(CONTENTS_FOLDER_PATH)/Watch";
			dstSubfolderSpec = 16;
			files = (
				2248D0C62F0FCE4A0090E930 /* PunchClockWatch Watch App.app in Embed Watch Content */,
			);
			name = "Embed Watch Content";
			runOnlyForDeploymentPostprocessing = 0;
		};
		22D467A92F0E7F5F00DEC0E8 /* Embed Foundation Extensions */ = {
			isa = PBXCopyFilesBuildPhase;
			buildActionMask = 2147483647;
			dstPath = "";
			dstSubfolderSpec = 13;
			files = (
				22D467A42F0E7F5F00DEC0E8 /* PunchClockWidgetExtension.appex in Embed Foundation Extensions */,
			);
			name = "Embed Foundation Extensions";
			runOnlyForDeploymentPostprocessing = 0;
		};
/* End PBXCopyFilesBuildPhase section */

/* Begin PBXFileReference section */
		2248D0C02F0FCE4A0090E930 /* PunchClockWatch.app */ = {isa = PBXFileReference; explicitFileType = wrapper.application; includeInIndex = 0; path = PunchClockWatch.app; sourceTree = BUILT_PRODUCTS_DIR; };
		2248D0C52F0FCE4A0090E930 /* PunchClockWatch Watch App.app */ = {isa = PBXFileReference; explicitFileType = wrapper.application; includeInIndex = 0; path = "PunchClockWatch Watch App.app"; sourceTree = BUILT_PRODUCTS_DIR; };
		2248D0D42F0FCE4C0090E930 /* PunchClockWatch Watch AppTests.xctest */ = {isa = PBXFileReference; explicitFileType = wrapper.cfbundle; includeInIndex = 0; path = "PunchClockWatch Watch AppTests.xctest"; sourceTree = BUILT_PRODUCTS_DIR; };
		2248D0DE2F0FCE4C0090E930 /* PunchClockWatch Watch AppUITests.xctest */ = {isa = PBXFileReference; explicitFileType = wrapper.cfbundle; includeInIndex = 0; path = "PunchClockWatch Watch AppUITests.xctest"; sourceTree = BUILT_PRODUCTS_DIR; };
		22D467422F0E766400DEC0E8 /* PunchClock.app */ = {isa = PBXFileReference; explicitFileType = wrapper.application; includeInIndex = 0; path = PunchClock.app; sourceTree = BUILT_PRODUCTS_DIR; };
		22D467512F0E766600DEC0E8 /* PunchClockTests.xctest */ = {isa = PBXFileReference; explicitFileType = wrapper.cfbundle; includeInIndex = 0; path = PunchClockTests.xctest; sourceTree = BUILT_PRODUCTS_DIR; };
		22D4675B2F0E766600DEC0E8 /* PunchClockUITests.xctest */ = {isa = PBXFileReference; explicitFileType = wrapper.cfbundle; includeInIndex = 0; path = PunchClockUITests.xctest; sourceTree = BUILT_PRODUCTS_DIR; };
		22D4678E2F0E7F5E00DEC0E8 /* PunchClockWidgetExtension.appex */ = {isa = PBXFileReference; explicitFileType = "wrapper.app-extension"; includeInIndex = 0; path = PunchClockWidgetExtension.appex; sourceTree = BUILT_PRODUCTS_DIR; };
		22D467902F0E7F5E00DEC0E8 /* WidgetKit.framework */ = {isa = PBXFileReference; lastKnownFileType = wrapper.framework; name = WidgetKit.framework; path = System/Library/Frameworks/WidgetKit.framework; sourceTree = SDKROOT; };
		22D467922F0E7F5E00DEC0E8 /* SwiftUI.framework */ = {isa = PBXFileReference; lastKnownFileType = wrapper.framework; name = SwiftUI.framework; path = System/Library/Frameworks/SwiftUI.framework; sourceTree = SDKROOT; };
/* End PBXFileReference section */

/* Begin PBXFileSystemSynchronizedBuildFileExceptionSet section */
		2248D0C92F0FCE4B0090E930 /* Exceptions for "PunchClockWatch Watch App" folder in "PunchClockWatch Watch App" target */ = {
			isa = PBXFileSystemSynchronizedBuildFileExceptionSet;
			membershipExceptions = (
				Info.plist,
			);
			target = 2248D0C42F0FCE4A0090E930 /* PunchClockWatch Watch App */;
		};
		22CC72DC2F0EA481006766EE /* Exceptions for "PunchClock" folder in "PunchClockWidgetExtension" target */ = {
			isa = PBXFileSystemSynchronizedBuildFileExceptionSet;
			membershipExceptions = (
				Services/TimerActivityAttributes.swift,
			);
			target = 22D4678D2F0E7F5E00DEC0E8 /* PunchClockWidgetExtension */;
		};
		22D467A52F0E7F5F00DEC0E8 /* Exceptions for "PunchClockWidget" folder in "PunchClockWidgetExtension" target */ = {
			isa = PBXFileSystemSynchronizedBuildFileExceptionSet;
			membershipExceptions = (
				Info.plist,
			);
			target = 22D4678D2F0E7F5E00DEC0E8 /* PunchClockWidgetExtension */;
		};
/* End PBXFileSystemSynchronizedBuildFileExceptionSet section */

/* Begin PBXFileSystemSynchronizedRootGroup section */
		2248D0C92F0FCE4A0090E930 /* PunchClockWatch Watch App */ = {
			isa = PBXFileSystemSynchronizedRootGroup;
			exceptions = (
				2248D0C92F0FCE4B0090E930 /* Exceptions for "PunchClockWatch Watch App" folder in "PunchClockWatch Watch App" target */,
			);
			path = "PunchClockWatch Watch App";
			sourceTree = "<group>";
		};
		2248D0D72F0FCE4C0090E930 /* PunchClockWatch Watch AppTests */ = {
			isa = PBXFileSystemSynchronizedRootGroup;
			path = "PunchClockWatch Watch AppTests";
			sourceTree = "<group>";
		};
		2248D0E12F0FCE4C0090E930 /* PunchClockWatch Watch AppUITests */ = {
			isa = PBXFileSystemSynchronizedRootGroup;
			path = "PunchClockWatch Watch AppUITests";
			sourceTree = "<group>";
		};
		22D467442F0E766400DEC0E8 /* PunchClock */ = {
			isa = PBXFileSystemSynchronizedRootGroup;
			exceptions = (
				22CC72DC2F0EA481006766EE /* Exceptions for "PunchClock" folder in "PunchClockWidgetExtension" target */,
			);
			path = PunchClock;
			sourceTree = "<group>";
		};
		22D467542F0E766600DEC0E8 /* PunchClockTests */ = {
			isa = PBXFileSystemSynchronizedRootGroup;
			path = PunchClockTests;
			sourceTree = "<group>";
		};
		22D4675E2F0E766600DEC0E8 /* PunchClockUITests */ = {
			isa = PBXFileSystemSynchronizedRootGroup;
			path = PunchClockUITests;
			sourceTree = "<group>";
		};
		22D467942F0E7F5E00DEC0E8 /* PunchClockWidget */ = {
			isa = PBXFileSystemSynchronizedRootGroup;
			exceptions = (
				22D467A52F0E7F5F00DEC0E8 /* Exceptions for "PunchClockWidget" folder in "PunchClockWidgetExtension" target */,
			);
			path = PunchClockWidget;
			sourceTree = "<group>";
		};
/* End PBXFileSystemSynchronizedRootGroup section */

/* Begin PBXFrameworksBuildPhase section */
		2248D0C22F0FCE4A0090E930 /* Frameworks */ = {
			isa = PBXFrameworksBuildPhase;
			buildActionMask = 2147483647;
			files = (
			);
			runOnlyForDeploymentPostprocessing = 0;
		};
		2248D0D12F0FCE4C0090E930 /* Frameworks */ = {
			isa = PBXFrameworksBuildPhase;
			buildActionMask = 2147483647;
			files = (
			);
			runOnlyForDeploymentPostprocessing = 0;
		};
		2248D0DB2F0FCE4C0090E930 /* Frameworks */ = {
			isa = PBXFrameworksBuildPhase;
			buildActionMask = 2147483647;
			files = (
			);
			runOnlyForDeploymentPostprocessing = 0;
		};
		22D4673F2F0E766400DEC0E8 /* Frameworks */ = {
			isa = PBXFrameworksBuildPhase;
			buildActionMask = 2147483647;
			files = (
			);
			runOnlyForDeploymentPostprocessing = 0;
		};
		22D4674E2F0E766600DEC0E8 /* Frameworks */ = {
			isa = PBXFrameworksBuildPhase;
			buildActionMask = 2147483647;
			files = (
			);
			runOnlyForDeploymentPostprocessing = 0;
		};
		22D467582F0E766600DEC0E8 /* Frameworks */ = {
			isa = PBXFrameworksBuildPhase;
			buildActionMask = 2147483647;
			files = (
			);
			runOnlyForDeploymentPostprocessing = 0;
		};
		22D4678B2F0E7F5E00DEC0E8 /* Frameworks */ = {
			isa = PBXFrameworksBuildPhase;
			buildActionMask = 2147483647;
			files = (
				22D467932F0E7F5E00DEC0E8 /* SwiftUI.framework in Frameworks */,
				22D467912F0E7F5E00DEC0E8 /* WidgetKit.framework in Frameworks */,
			);
			runOnlyForDeploymentPostprocessing = 0;
		};
/* End PBXFrameworksBuildPhase section */

/* Begin PBXGroup section */
		22D467392F0E766400DEC0E8 = {
			isa = PBXGroup;
			children = (
				22D467442F0E766400DEC0E8 /* PunchClock */,
				22D467542F0E766600DEC0E8 /* PunchClockTests */,
				22D4675E2F0E766600DEC0E8 /* PunchClockUITests */,
				22D467942F0E7F5E00DEC0E8 /* PunchClockWidget */,
				2248D0C92F0FCE4A0090E930 /* PunchClockWatch Watch App */,
				2248D0D72F0FCE4C0090E930 /* PunchClockWatch Watch AppTests */,
				2248D0E12F0FCE4C0090E930 /* PunchClockWatch Watch AppUITests */,
				22D4678F2F0E7F5E00DEC0E8 /* Frameworks */,
				22D467432F0E766400DEC0E8 /* Products */,
			);
			sourceTree = "<group>";
		};
		22D467432F0E766400DEC0E8 /* Products */ = {
			isa = PBXGroup;
			children = (
				22D467422F0E766400DEC0E8 /* PunchClock.app */,
				22D467512F0E766600DEC0E8 /* PunchClockTests.xctest */,
				22D4675B2F0E766600DEC0E8 /* PunchClockUITests.xctest */,
				22D4678E2F0E7F5E00DEC0E8 /* PunchClockWidgetExtension.appex */,
				2248D0C02F0FCE4A0090E930 /* PunchClockWatch.app */,
				2248D0C52F0FCE4A0090E930 /* PunchClockWatch Watch App.app */,
				2248D0D42F0FCE4C0090E930 /* PunchClockWatch Watch AppTests.xctest */,
				2248D0DE2F0FCE4C0090E930 /* PunchClockWatch Watch AppUITests.xctest */,
			);
			name = Products;
			sourceTree = "<group>";
		};
		22D4678F2F0E7F5E00DEC0E8 /* Frameworks */ = {
			isa = PBXGroup;
			children = (
				22D467902F0E7F5E00DEC0E8 /* WidgetKit.framework */,
				22D467922F0E7F5E00DEC0E8 /* SwiftUI.framework */,
			);
			name = Frameworks;
			sourceTree = "<group>";
		};
/* End PBXGroup section */

/* Begin PBXNativeTarget section */
		2248D0BF2F0FCE4A0090E930 /* PunchClockWatch */ = {
			isa = PBXNativeTarget;
			buildConfigurationList = 2248D0EA2F0FCE4C0090E930 /* Build configuration list for PBXNativeTarget "PunchClockWatch" */;
			buildPhases = (
				2248D0BE2F0FCE4A0090E930 /* Resources */,
				2248D0E92F0FCE4C0090E930 /* Embed Watch Content */,
			);
			buildRules = (
			);
			dependencies = (
				2248D0C82F0FCE4A0090E930 /* PBXTargetDependency */,
			);
			name = PunchClockWatch;
			packageProductDependencies = (
			);
			productName = PunchClockWatch;
			productReference = 2248D0C02F0FCE4A0090E930 /* PunchClockWatch.app */;
			productType = "com.apple.product-type.application.watchapp2-container";
		};
		2248D0C42F0FCE4A0090E930 /* PunchClockWatch Watch App */ = {
			isa = PBXNativeTarget;
			buildConfigurationList = 2248D0E62F0FCE4C0090E930 /* Build configuration list for PBXNativeTarget "PunchClockWatch Watch App" */;
			buildPhases = (
				2248D0C12F0FCE4A0090E930 /* Sources */,
				2248D0C22F0FCE4A0090E930 /* Frameworks */,
				2248D0C32F0FCE4A0090E930 /* Resources */,
			);
			buildRules = (
			);
			dependencies = (
			);
			fileSystemSynchronizedGroups = (
				2248D0C92F0FCE4A0090E930 /* PunchClockWatch Watch App */,
			);
			name = "PunchClockWatch Watch App";
			packageProductDependencies = (
			);
			productName = "PunchClockWatch Watch App";
			productReference = 2248D0C52F0FCE4A0090E930 /* PunchClockWatch Watch App.app */;
			productType = "com.apple.product-type.application";
		};
		2248D0D32F0FCE4C0090E930 /* PunchClockWatch Watch AppTests */ = {
			isa = PBXNativeTarget;
			buildConfigurationList = 2248D0ED2F0FCE4C0090E930 /* Build configuration list for PBXNativeTarget "PunchClockWatch Watch AppTests" */;
			buildPhases = (
				2248D0D02F0FCE4C0090E930 /* Sources */,
				2248D0D12F0FCE4C0090E930 /* Frameworks */,
				2248D0D22F0FCE4C0090E930 /* Resources */,
			);
			buildRules = (
			);
			dependencies = (
				2248D0D62F0FCE4C0090E930 /* PBXTargetDependency */,
			);
			fileSystemSynchronizedGroups = (
				2248D0D72F0FCE4C0090E930 /* PunchClockWatch Watch AppTests */,
			);
			name = "PunchClockWatch Watch AppTests";
			packageProductDependencies = (
			);
			productName = "PunchClockWatch Watch AppTests";
			productReference = 2248D0D42F0FCE4C0090E930 /* PunchClockWatch Watch AppTests.xctest */;
			productType = "com.apple.product-type.bundle.unit-test";
		};
		2248D0DD2F0FCE4C0090E930 /* PunchClockWatch Watch AppUITests */ = {
			isa = PBXNativeTarget;
			buildConfigurationList = 2248D0F02F0FCE4C0090E930 /* Build configuration list for PBXNativeTarget "PunchClockWatch Watch AppUITests" */;
			buildPhases = (
				2248D0DA2F0FCE4C0090E930 /* Sources */,
				2248D0DB2F0FCE4C0090E930 /* Frameworks */,
				2248D0DC2F0FCE4C0090E930 /* Resources */,
			);
			buildRules = (
			);
			dependencies = (
				2248D0E02F0FCE4C0090E930 /* PBXTargetDependency */,
			);
			fileSystemSynchronizedGroups = (
				2248D0E12F0FCE4C0090E930 /* PunchClockWatch Watch AppUITests */,
			);
			name = "PunchClockWatch Watch AppUITests";
			packageProductDependencies = (
			);
			productName = "PunchClockWatch Watch AppUITests";
			productReference = 2248D0DE2F0FCE4C0090E930 /* PunchClockWatch Watch AppUITests.xctest */;
			productType = "com.apple.product-type.bundle.ui-testing";
		};
		22D467412F0E766400DEC0E8 /* PunchClock */ = {
			isa = PBXNativeTarget;
			buildConfigurationList = 22D467652F0E766600DEC0E8 /* Build configuration list for PBXNativeTarget "PunchClock" */;
			buildPhases = (
				22D4673E2F0E766400DEC0E8 /* Sources */,
				22D4673F2F0E766400DEC0E8 /* Frameworks */,
				22D467402F0E766400DEC0E8 /* Resources */,
				22D467A92F0E7F5F00DEC0E8 /* Embed Foundation Extensions */,
			);
			buildRules = (
			);
			dependencies = (
				22D467A32F0E7F5F00DEC0E8 /* PBXTargetDependency */,
			);
			fileSystemSynchronizedGroups = (
				22D467442F0E766400DEC0E8 /* PunchClock */,
			);
			name = PunchClock;
			packageProductDependencies = (
			);
			productName = PunchClock;
			productReference = 22D467422F0E766400DEC0E8 /* PunchClock.app */;
			productType = "com.apple.product-type.application";
		};
		22D467502F0E766600DEC0E8 /* PunchClockTests */ = {
			isa = PBXNativeTarget;
			buildConfigurationList = 22D467682F0E766600DEC0E8 /* Build configuration list for PBXNativeTarget "PunchClockTests" */;
			buildPhases = (
				22D4674D2F0E766600DEC0E8 /* Sources */,
				22D4674E2F0E766600DEC0E8 /* Frameworks */,
				22D4674F2F0E766600DEC0E8 /* Resources */,
			);
			buildRules = (
			);
			dependencies = (
				22D467532F0E766600DEC0E8 /* PBXTargetDependency */,
			);
			fileSystemSynchronizedGroups = (
				22D467542F0E766600DEC0E8 /* PunchClockTests */,
			);
			name = PunchClockTests;
			packageProductDependencies = (
			);
			productName = PunchClockTests;
			productReference = 22D467512F0E766600DEC0E8 /* PunchClockTests.xctest */;
			productType = "com.apple.product-type.bundle.unit-test";
		};
		22D4675A2F0E766600DEC0E8 /* PunchClockUITests */ = {
			isa = PBXNativeTarget;
			buildConfigurationList = 22D4676B2F0E766600DEC0E8 /* Build configuration list for PBXNativeTarget "PunchClockUITests" */;
			buildPhases = (
				22D467572F0E766600DEC0E8 /* Sources */,
				22D467582F0E766600DEC0E8 /* Frameworks */,
				22D467592F0E766600DEC0E8 /* Resources */,
			);
			buildRules = (
			);
			dependencies = (
				22D4675D2F0E766600DEC0E8 /* PBXTargetDependency */,
			);
			fileSystemSynchronizedGroups = (
				22D4675E2F0E766600DEC0E8 /* PunchClockUITests */,
			);
			name = PunchClockUITests;
			packageProductDependencies = (
			);
			productName = PunchClockUITests;
			productReference = 22D4675B2F0E766600DEC0E8 /* PunchClockUITests.xctest */;
			productType = "com.apple.product-type.bundle.ui-testing";
		};
		22D4678D2F0E7F5E00DEC0E8 /* PunchClockWidgetExtension */ = {
			isa = PBXNativeTarget;
			buildConfigurationList = 22D467A62F0E7F5F00DEC0E8 /* Build configuration list for PBXNativeTarget "PunchClockWidgetExtension" */;
			buildPhases = (
				22D4678A2F0E7F5E00DEC0E8 /* Sources */,
				22D4678B2F0E7F5E00DEC0E8 /* Frameworks */,
				22D4678C2F0E7F5E00DEC0E8 /* Resources */,
			);
			buildRules = (
			);
			dependencies = (
			);
			fileSystemSynchronizedGroups = (
				22D467942F0E7F5E00DEC0E8 /* PunchClockWidget */,
			);
			name = PunchClockWidgetExtension;
			packageProductDependencies = (
			);
			productName = PunchClockWidgetExtension;
			productReference = 22D4678E2F0E7F5E00DEC0E8 /* PunchClockWidgetExtension.appex */;
			productType = "com.apple.product-type.app-extension";
		};
/* End PBXNativeTarget section */

/* Begin PBXProject section */
		22D4673A2F0E766400DEC0E8 /* Project object */ = {
			isa = PBXProject;
			attributes = {
				BuildIndependentTargetsInParallel = 1;
				LastSwiftUpdateCheck = 2620;
				LastUpgradeCheck = 2620;
				TargetAttributes = {
					2248D0BF2F0FCE4A0090E930 = {
						CreatedOnToolsVersion = 26.2;
					};
					2248D0C42F0FCE4A0090E930 = {
						CreatedOnToolsVersion = 26.2;
					};
					2248D0D32F0FCE4C0090E930 = {
						CreatedOnToolsVersion = 26.2;
						TestTargetID = 2248D0C42F0FCE4A0090E930;
					};
					2248D0DD2F0FCE4C0090E930 = {
						CreatedOnToolsVersion = 26.2;
						TestTargetID = 2248D0C42F0FCE4A0090E930;
					};
					22D467412F0E766400DEC0E8 = {
						CreatedOnToolsVersion = 26.2;
					};
					22D467502F0E766600DEC0E8 = {
						CreatedOnToolsVersion = 26.2;
						TestTargetID = 22D467412F0E766400DEC0E8;
					};
					22D4675A2F0E766600DEC0E8 = {
						CreatedOnToolsVersion = 26.2;
						TestTargetID = 22D467412F0E766400DEC0E8;
					};
					22D4678D2F0E7F5E00DEC0E8 = {
						CreatedOnToolsVersion = 26.2;
					};
				};
			};
			buildConfigurationList = 22D4673D2F0E766400DEC0E8 /* Build configuration list for PBXProject "PunchClock" */;
			developmentRegion = en;
			hasScannedForEncodings = 0;
			knownRegions = (
				en,
				Base,
			);
			mainGroup = 22D467392F0E766400DEC0E8;
			minimizedProjectReferenceProxies = 1;
			preferredProjectObjectVersion = 77;
			productRefGroup = 22D467432F0E766400DEC0E8 /* Products */;
			projectDirPath = "";
			projectRoot = "";
			targets = (
				22D467412F0E766400DEC0E8 /* PunchClock */,
				22D467502F0E766600DEC0E8 /* PunchClockTests */,
				22D4675A2F0E766600DEC0E8 /* PunchClockUITests */,
				22D4678D2F0E7F5E00DEC0E8 /* PunchClockWidgetExtension */,
				2248D0BF2F0FCE4A0090E930 /* PunchClockWatch */,
				2248D0C42F0FCE4A0090E930 /* PunchClockWatch Watch App */,
				2248D0D32F0FCE4C0090E930 /* PunchClockWatch Watch AppTests */,
				2248D0DD2F0FCE4C0090E930 /* PunchClockWatch Watch AppUITests */,
			);
		};
/* End PBXProject section */

/* Begin PBXResourcesBuildPhase section */
		2248D0BE2F0FCE4A0090E930 /* Resources */ = {
			isa = PBXResourcesBuildPhase;
			buildActionMask = 2147483647;
			files = (
			);
			runOnlyForDeploymentPostprocessing = 0;
		};
		2248D0C32F0FCE4A0090E930 /* Resources */ = {
			isa = PBXResourcesBuildPhase;
			buildActionMask = 2147483647;
			files = (
			);
			runOnlyForDeploymentPostprocessing = 0;
		};
		2248D0D22F0FCE4C0090E930 /* Resources */ = {
			isa = PBXResourcesBuildPhase;
			buildActionMask = 2147483647;
			files = (
			);
			runOnlyForDeploymentPostprocessing = 0;
		};
		2248D0DC2F0FCE4C0090E930 /* Resources */ = {
			isa = PBXResourcesBuildPhase;
			buildActionMask = 2147483647;
			files = (
			);
			runOnlyForDeploymentPostprocessing = 0;
		};
		22D467402F0E766400DEC0E8 /* Resources */ = {
			isa = PBXResourcesBuildPhase;
			buildActionMask = 2147483647;
			files = (
			);
			runOnlyForDeploymentPostprocessing = 0;
		};
		22D4674F2F0E766600DEC0E8 /* Resources */ = {
			isa = PBXResourcesBuildPhase;
			buildActionMask = 2147483647;
			files = (
			);
			runOnlyForDeploymentPostprocessing = 0;
		};
		22D467592F0E766600DEC0E8 /* Resources */ = {
			isa = PBXResourcesBuildPhase;
			buildActionMask = 2147483647;
			files = (
			);
			runOnlyForDeploymentPostprocessing = 0;
		};
		22D4678C2F0E7F5E00DEC0E8 /* Resources */ = {
			isa = PBXResourcesBuildPhase;
			buildActionMask = 2147483647;
			files = (
			);
			runOnlyForDeploymentPostprocessing = 0;
		};
/* End PBXResourcesBuildPhase section */

/* Begin PBXSourcesBuildPhase section */
		2248D0C12F0FCE4A0090E930 /* Sources */ = {
			isa = PBXSourcesBuildPhase;
			buildActionMask = 2147483647;
			files = (
			);
			runOnlyForDeploymentPostprocessing = 0;
		};
		2248D0D02F0FCE4C0090E930 /* Sources */ = {
			isa = PBXSourcesBuildPhase;
			buildActionMask = 2147483647;
			files = (
			);
			runOnlyForDeploymentPostprocessing = 0;
		};
		2248D0DA2F0FCE4C0090E930 /* Sources */ = {
			isa = PBXSourcesBuildPhase;
			buildActionMask = 2147483647;
			files = (
			);
			runOnlyForDeploymentPostprocessing = 0;
		};
		22D4673E2F0E766400DEC0E8 /* Sources */ = {
			isa = PBXSourcesBuildPhase;
			buildActionMask = 2147483647;
			files = (
			);
			runOnlyForDeploymentPostprocessing = 0;
		};
		22D4674D2F0E766600DEC0E8 /* Sources */ = {
			isa = PBXSourcesBuildPhase;
			buildActionMask = 2147483647;
			files = (
			);
			runOnlyForDeploymentPostprocessing = 0;
		};
		22D467572F0E766600DEC0E8 /* Sources */ = {
			isa = PBXSourcesBuildPhase;
			buildActionMask = 2147483647;
			files = (
			);
			runOnlyForDeploymentPostprocessing = 0;
		};
		22D4678A2F0E7F5E00DEC0E8 /* Sources */ = {
			isa = PBXSourcesBuildPhase;
			buildActionMask = 2147483647;
			files = (
			);
			runOnlyForDeploymentPostprocessing = 0;
		};
/* End PBXSourcesBuildPhase section */

/* Begin PBXTargetDependency section */
		2248D0C82F0FCE4A0090E930 /* PBXTargetDependency */ = {
			isa = PBXTargetDependency;
			target = 2248D0C42F0FCE4A0090E930 /* PunchClockWatch Watch App */;
			targetProxy = 2248D0C72F0FCE4A0090E930 /* PBXContainerItemProxy */;
		};
		2248D0D62F0FCE4C0090E930 /* PBXTargetDependency */ = {
			isa = PBXTargetDependency;
			target = 2248D0C42F0FCE4A0090E930 /* PunchClockWatch Watch App */;
			targetProxy = 2248D0D52F0FCE4C0090E930 /* PBXContainerItemProxy */;
		};
		2248D0E02F0FCE4C0090E930 /* PBXTargetDependency */ = {
			isa = PBXTargetDependency;
			target = 2248D0C42F0FCE4A0090E930 /* PunchClockWatch Watch App */;
			targetProxy = 2248D0DF2F0FCE4C0090E930 /* PBXContainerItemProxy */;
		};
		22D467532F0E766600DEC0E8 /* PBXTargetDependency */ = {
			isa = PBXTargetDependency;
			target = 22D467412F0E766400DEC0E8 /* PunchClock */;
			targetProxy = 22D467522F0E766600DEC0E8 /* PBXContainerItemProxy */;
		};
		22D4675D2F0E766600DEC0E8 /* PBXTargetDependency */ = {
			isa = PBXTargetDependency;
			target = 22D467412F0E766400DEC0E8 /* PunchClock */;
			targetProxy = 22D4675C2F0E766600DEC0E8 /* PBXContainerItemProxy */;
		};
		22D467A32F0E7F5F00DEC0E8 /* PBXTargetDependency */ = {
			isa = PBXTargetDependency;
			target = 22D4678D2F0E7F5E00DEC0E8 /* PunchClockWidgetExtension */;
			targetProxy = 22D467A22F0E7F5F00DEC0E8 /* PBXContainerItemProxy */;
		};
/* End PBXTargetDependency section */

/* Begin XCBuildConfiguration section */
		2248D0E72F0FCE4C0090E930 /* Debug */ = {
			isa = XCBuildConfiguration;
			buildSettings = {
				ASSETCATALOG_COMPILER_APPICON_NAME = AppIcon;
				ASSETCATALOG_COMPILER_GLOBAL_ACCENT_COLOR_NAME = AccentColor;
				CODE_SIGN_ENTITLEMENTS = "PunchClockWatch Watch App/PunchClockWatch Watch App.entitlements";
				CODE_SIGN_STYLE = Automatic;
				CURRENT_PROJECT_VERSION = 1;
				DEVELOPMENT_TEAM = ADYRX8482X;
				ENABLE_PREVIEWS = YES;
				GENERATE_INFOPLIST_FILE = NO;
				INFOPLIST_FILE = "PunchClockWatch Watch App/Info.plist";
				INFOPLIST_KEY_CFBundleDisplayName = PunchClockWatch;
				INFOPLIST_KEY_UISupportedInterfaceOrientations = "UIInterfaceOrientationPortrait UIInterfaceOrientationPortraitUpsideDown";
				INFOPLIST_KEY_WKWatchOnly = YES;
				LD_RUNPATH_SEARCH_PATHS = (
					"$(inherited)",
					"@executable_path/Frameworks",
				);
				MARKETING_VERSION = 1.0;
				PRODUCT_BUNDLE_IDENTIFIER = com.frantisekfarkas.PunchClockWatch.watchkitapp;
				PRODUCT_NAME = "$(TARGET_NAME)";
				SDKROOT = watchos;
				SKIP_INSTALL = YES;
				STRING_CATALOG_GENERATE_SYMBOLS = YES;
				SWIFT_APPROACHABLE_CONCURRENCY = YES;
				SWIFT_DEFAULT_ACTOR_ISOLATION = MainActor;
				SWIFT_EMIT_LOC_STRINGS = YES;
				SWIFT_UPCOMING_FEATURE_MEMBER_IMPORT_VISIBILITY = YES;
				SWIFT_VERSION = 5.0;
				TARGETED_DEVICE_FAMILY = 4;
				WATCHOS_DEPLOYMENT_TARGET = 9.0;
			};
			name = Debug;
		};
		2248D0E82F0FCE4C0090E930 /* Release */ = {
			isa = XCBuildConfiguration;
			buildSettings = {
				ASSETCATALOG_COMPILER_APPICON_NAME = AppIcon;
				ASSETCATALOG_COMPILER_GLOBAL_ACCENT_COLOR_NAME = AccentColor;
				CODE_SIGN_ENTITLEMENTS = "PunchClockWatch Watch App/PunchClockWatch Watch App.entitlements";
				CODE_SIGN_STYLE = Automatic;
				CURRENT_PROJECT_VERSION = 1;
				DEVELOPMENT_TEAM = ADYRX8482X;
				ENABLE_PREVIEWS = YES;
				GENERATE_INFOPLIST_FILE = NO;
				INFOPLIST_FILE = "PunchClockWatch Watch App/Info.plist";
				INFOPLIST_KEY_CFBundleDisplayName = PunchClockWatch;
				INFOPLIST_KEY_UISupportedInterfaceOrientations = "UIInterfaceOrientationPortrait UIInterfaceOrientationPortraitUpsideDown";
				INFOPLIST_KEY_WKWatchOnly = YES;
				LD_RUNPATH_SEARCH_PATHS = (
					"$(inherited)",
					"@executable_path/Frameworks",
				);
				MARKETING_VERSION = 1.0;
				PRODUCT_BUNDLE_IDENTIFIER = com.frantisekfarkas.PunchClockWatch.watchkitapp;
				PRODUCT_NAME = "$(TARGET_NAME)";
				SDKROOT = watchos;
				SKIP_INSTALL = YES;
				STRING_CATALOG_GENERATE_SYMBOLS = YES;
				SWIFT_APPROACHABLE_CONCURRENCY = YES;
				SWIFT_DEFAULT_ACTOR_ISOLATION = MainActor;
				SWIFT_EMIT_LOC_STRINGS = YES;
				SWIFT_UPCOMING_FEATURE_MEMBER_IMPORT_VISIBILITY = YES;
				SWIFT_VERSION = 5.0;
				TARGETED_DEVICE_FAMILY = 4;
				VALIDATE_PRODUCT = YES;
				WATCHOS_DEPLOYMENT_TARGET = 9.0;
			};
			name = Release;
		};
		2248D0EB2F0FCE4C0090E930 /* Debug */ = {
			isa = XCBuildConfiguration;
			buildSettings = {
				CODE_SIGN_STYLE = Automatic;
				CURRENT_PROJECT_VERSION = 1;
				DEVELOPMENT_TEAM = ADYRX8482X;
				INFOPLIST_KEY_CFBundleDisplayName = PunchClockWatch;
				MARKETING_VERSION = 1.0;
				PRODUCT_BUNDLE_IDENTIFIER = com.frantisekfarkas.PunchClockWatch;
				PRODUCT_NAME = "$(TARGET_NAME)";
				SDKROOT = iphoneos;
				SWIFT_APPROACHABLE_CONCURRENCY = YES;
				SWIFT_UPCOMING_FEATURE_MEMBER_IMPORT_VISIBILITY = YES;
				SWIFT_VERSION = 5.0;
			};
			name = Debug;
		};
		2248D0EC2F0FCE4C0090E930 /* Release */ = {
			isa = XCBuildConfiguration;
			buildSettings = {
				CODE_SIGN_STYLE = Automatic;
				CURRENT_PROJECT_VERSION = 1;
				DEVELOPMENT_TEAM = ADYRX8482X;
				INFOPLIST_KEY_CFBundleDisplayName = PunchClockWatch;
				MARKETING_VERSION = 1.0;
				PRODUCT_BUNDLE_IDENTIFIER = com.frantisekfarkas.PunchClockWatch;
				PRODUCT_NAME = "$(TARGET_NAME)";
				SDKROOT = iphoneos;
				SWIFT_APPROACHABLE_CONCURRENCY = YES;
				SWIFT_UPCOMING_FEATURE_MEMBER_IMPORT_VISIBILITY = YES;
				SWIFT_VERSION = 5.0;
				VALIDATE_PRODUCT = YES;
			};
			name = Release;
		};
		2248D0EE2F0FCE4C0090E930 /* Debug */ = {
			isa = XCBuildConfiguration;
			buildSettings = {
				BUNDLE_LOADER = "$(TEST_HOST)";
				CODE_SIGN_STYLE = Automatic;
				CURRENT_PROJECT_VERSION = 1;
				DEVELOPMENT_TEAM = ADYRX8482X;
				GENERATE_INFOPLIST_FILE = YES;
				MARKETING_VERSION = 1.0;
				PRODUCT_BUNDLE_IDENTIFIER = "com.frantisekfarkas.PunchClockWatch-Watch-AppTests";
				PRODUCT_NAME = "$(TARGET_NAME)";
				SDKROOT = watchos;
				STRING_CATALOG_GENERATE_SYMBOLS = NO;
				SWIFT_APPROACHABLE_CONCURRENCY = YES;
				SWIFT_EMIT_LOC_STRINGS = NO;
				SWIFT_UPCOMING_FEATURE_MEMBER_IMPORT_VISIBILITY = YES;
				SWIFT_VERSION = 5.0;
				TARGETED_DEVICE_FAMILY = 4;
				TEST_HOST = "$(BUILT_PRODUCTS_DIR)/PunchClockWatch Watch App.app/$(BUNDLE_EXECUTABLE_FOLDER_PATH)/PunchClockWatch Watch App";
				WATCHOS_DEPLOYMENT_TARGET = 9.0;
			};
			name = Debug;
		};
		2248D0EF2F0FCE4C0090E930 /* Release */ = {
			isa = XCBuildConfiguration;
			buildSettings = {
				BUNDLE_LOADER = "$(TEST_HOST)";
				CODE_SIGN_STYLE = Automatic;
				CURRENT_PROJECT_VERSION = 1;
				DEVELOPMENT_TEAM = ADYRX8482X;
				GENERATE_INFOPLIST_FILE = YES;
				MARKETING_VERSION = 1.0;
				PRODUCT_BUNDLE_IDENTIFIER = "com.frantisekfarkas.PunchClockWatch-Watch-AppTests";
				PRODUCT_NAME = "$(TARGET_NAME)";
				SDKROOT = watchos;
				STRING_CATALOG_GENERATE_SYMBOLS = NO;
				SWIFT_APPROACHABLE_CONCURRENCY = YES;
				SWIFT_EMIT_LOC_STRINGS = NO;
				SWIFT_UPCOMING_FEATURE_MEMBER_IMPORT_VISIBILITY = YES;
				SWIFT_VERSION = 5.0;
				TARGETED_DEVICE_FAMILY = 4;
				TEST_HOST = "$(BUILT_PRODUCTS_DIR)/PunchClockWatch Watch App.app/$(BUNDLE_EXECUTABLE_FOLDER_PATH)/PunchClockWatch Watch App";
				VALIDATE_PRODUCT = YES;
				WATCHOS_DEPLOYMENT_TARGET = 9.0;
			};
			name = Release;
		};
		2248D0F12F0FCE4C0090E930 /* Debug */ = {
			isa = XCBuildConfiguration;
			buildSettings = {
				CODE_SIGN_STYLE = Automatic;
				CURRENT_PROJECT_VERSION = 1;
				DEVELOPMENT_TEAM = ADYRX8482X;
				GENERATE_INFOPLIST_FILE = YES;
				MARKETING_VERSION = 1.0;
				PRODUCT_BUNDLE_IDENTIFIER = "com.frantisekfarkas.PunchClockWatch-Watch-AppUITests";
				PRODUCT_NAME = "$(TARGET_NAME)";
				SDKROOT = watchos;
				STRING_CATALOG_GENERATE_SYMBOLS = NO;
				SWIFT_APPROACHABLE_CONCURRENCY = YES;
				SWIFT_EMIT_LOC_STRINGS = NO;
				SWIFT_UPCOMING_FEATURE_MEMBER_IMPORT_VISIBILITY = YES;
				SWIFT_VERSION = 5.0;
				TARGETED_DEVICE_FAMILY = 4;
				TEST_TARGET_NAME = "PunchClockWatch Watch App";
				WATCHOS_DEPLOYMENT_TARGET = 9.0;
			};
			name = Debug;
		};
		2248D0F22F0FCE4C0090E930 /* Release */ = {
			isa = XCBuildConfiguration;
			buildSettings = {
				CODE_SIGN_STYLE = Automatic;
				CURRENT_PROJECT_VERSION = 1;
				DEVELOPMENT_TEAM = ADYRX8482X;
				GENERATE_INFOPLIST_FILE = YES;
				MARKETING_VERSION = 1.0;
				PRODUCT_BUNDLE_IDENTIFIER = "com.frantisekfarkas.PunchClockWatch-Watch-AppUITests";
				PRODUCT_NAME = "$(TARGET_NAME)";
				SDKROOT = watchos;
				STRING_CATALOG_GENERATE_SYMBOLS = NO;
				SWIFT_APPROACHABLE_CONCURRENCY = YES;
				SWIFT_EMIT_LOC_STRINGS = NO;
				SWIFT_UPCOMING_FEATURE_MEMBER_IMPORT_VISIBILITY = YES;
				SWIFT_VERSION = 5.0;
				TARGETED_DEVICE_FAMILY = 4;
				TEST_TARGET_NAME = "PunchClockWatch Watch App";
				VALIDATE_PRODUCT = YES;
				WATCHOS_DEPLOYMENT_TARGET = 9.0;
			};
			name = Release;
		};
		22D467632F0E766600DEC0E8 /* Debug */ = {
			isa = XCBuildConfiguration;
			buildSettings = {
				ALWAYS_SEARCH_USER_PATHS = NO;
				ASSETCATALOG_COMPILER_GENERATE_SWIFT_ASSET_SYMBOL_EXTENSIONS = YES;
				CLANG_ANALYZER_NONNULL = YES;
				CLANG_ANALYZER_NUMBER_OBJECT_CONVERSION = YES_AGGRESSIVE;
				CLANG_CXX_LANGUAGE_STANDARD = "gnu++20";
				CLANG_ENABLE_MODULES = YES;
				CLANG_ENABLE_OBJC_ARC = YES;
				CLANG_ENABLE_OBJC_WEAK = YES;
				CLANG_WARN_BLOCK_CAPTURE_AUTORELEASING = YES;
				CLANG_WARN_BOOL_CONVERSION = YES;
				CLANG_WARN_COMMA = YES;
				CLANG_WARN_CONSTANT_CONVERSION = YES;
				CLANG_WARN_DEPRECATED_OBJC_IMPLEMENTATIONS = YES;
				CLANG_WARN_DIRECT_OBJC_ISA_USAGE = YES_ERROR;
				CLANG_WARN_DOCUMENTATION_COMMENTS = YES;
				CLANG_WARN_EMPTY_BODY = YES;
				CLANG_WARN_ENUM_CONVERSION = YES;
				CLANG_WARN_INFINITE_RECURSION = YES;
				CLANG_WARN_INT_CONVERSION = YES;
				CLANG_WARN_NON_LITERAL_NULL_CONVERSION = YES;
				CLANG_WARN_OBJC_IMPLICIT_RETAIN_SELF = YES;
				CLANG_WARN_OBJC_LITERAL_CONVERSION = YES;
				CLANG_WARN_OBJC_ROOT_CLASS = YES_ERROR;
				CLANG_WARN_QUOTED_INCLUDE_IN_FRAMEWORK_HEADER = YES;
				CLANG_WARN_RANGE_LOOP_ANALYSIS = YES;
				CLANG_WARN_STRICT_PROTOTYPES = YES;
				CLANG_WARN_SUSPICIOUS_MOVE = YES;
				CLANG_WARN_UNGUARDED_AVAILABILITY = YES_AGGRESSIVE;
				CLANG_WARN_UNREACHABLE_CODE = YES;
				CLANG_WARN__DUPLICATE_METHOD_MATCH = YES;
				COPY_PHASE_STRIP = NO;
				DEBUG_INFORMATION_FORMAT = dwarf;
				ENABLE_STRICT_OBJC_MSGSEND = YES;
				ENABLE_TESTABILITY = YES;
				ENABLE_USER_SCRIPT_SANDBOXING = YES;
				GCC_C_LANGUAGE_STANDARD = gnu17;
				GCC_DYNAMIC_NO_PIC = NO;
				GCC_NO_COMMON_BLOCKS = YES;
				GCC_OPTIMIZATION_LEVEL = 0;
				GCC_PREPROCESSOR_DEFINITIONS = (
					"DEBUG=1",
					"$(inherited)",
				);
				GCC_WARN_64_TO_32_BIT_CONVERSION = YES;
				GCC_WARN_ABOUT_RETURN_TYPE = YES_ERROR;
				GCC_WARN_UNDECLARED_SELECTOR = YES;
				GCC_WARN_UNINITIALIZED_AUTOS = YES_AGGRESSIVE;
				GCC_WARN_UNUSED_FUNCTION = YES;
				GCC_WARN_UNUSED_VARIABLE = YES;
				LOCALIZATION_PREFERS_STRING_CATALOGS = YES;
				MTL_ENABLE_DEBUG_INFO = INCLUDE_SOURCE;
				MTL_FAST_MATH = YES;
				ONLY_ACTIVE_ARCH = YES;
				SWIFT_ACTIVE_COMPILATION_CONDITIONS = "DEBUG $(inherited)";
				SWIFT_OPTIMIZATION_LEVEL = "-Onone";
			};
			name = Debug;
		};
		22D467642F0E766600DEC0E8 /* Release */ = {
			isa = XCBuildConfiguration;
			buildSettings = {
				ALWAYS_SEARCH_USER_PATHS = NO;
				ASSETCATALOG_COMPILER_GENERATE_SWIFT_ASSET_SYMBOL_EXTENSIONS = YES;
				CLANG_ANALYZER_NONNULL = YES;
				CLANG_ANALYZER_NUMBER_OBJECT_CONVERSION = YES_AGGRESSIVE;
				CLANG_CXX_LANGUAGE_STANDARD = "gnu++20";
				CLANG_ENABLE_MODULES = YES;
				CLANG_ENABLE_OBJC_ARC = YES;
				CLANG_ENABLE_OBJC_WEAK = YES;
				CLANG_WARN_BLOCK_CAPTURE_AUTORELEASING = YES;
				CLANG_WARN_BOOL_CONVERSION = YES;
				CLANG_WARN_COMMA = YES;
				CLANG_WARN_CONSTANT_CONVERSION = YES;
				CLANG_WARN_DEPRECATED_OBJC_IMPLEMENTATIONS = YES;
				CLANG_WARN_DIRECT_OBJC_ISA_USAGE = YES_ERROR;
				CLANG_WARN_DOCUMENTATION_COMMENTS = YES;
				CLANG_WARN_EMPTY_BODY = YES;
				CLANG_WARN_ENUM_CONVERSION = YES;
				CLANG_WARN_INFINITE_RECURSION = YES;
				CLANG_WARN_INT_CONVERSION = YES;
				CLANG_WARN_NON_LITERAL_NULL_CONVERSION = YES;
				CLANG_WARN_OBJC_IMPLICIT_RETAIN_SELF = YES;
				CLANG_WARN_OBJC_LITERAL_CONVERSION = YES;
				CLANG_WARN_OBJC_ROOT_CLASS = YES_ERROR;
				CLANG_WARN_QUOTED_INCLUDE_IN_FRAMEWORK_HEADER = YES;
				CLANG_WARN_RANGE_LOOP_ANALYSIS = YES;
				CLANG_WARN_STRICT_PROTOTYPES = YES;
				CLANG_WARN_SUSPICIOUS_MOVE = YES;
				CLANG_WARN_UNGUARDED_AVAILABILITY = YES_AGGRESSIVE;
				CLANG_WARN_UNREACHABLE_CODE = YES;
				CLANG_WARN__DUPLICATE_METHOD_MATCH = YES;
				COPY_PHASE_STRIP = NO;
				DEBUG_INFORMATION_FORMAT = "dwarf-with-dsym";
				ENABLE_NS_ASSERTIONS = NO;
				ENABLE_STRICT_OBJC_MSGSEND = YES;
				ENABLE_USER_SCRIPT_SANDBOXING = YES;
				GCC_C_LANGUAGE_STANDARD = gnu17;
				GCC_NO_COMMON_BLOCKS = YES;
				GCC_WARN_64_TO_32_BIT_CONVERSION = YES;
				GCC_WARN_ABOUT_RETURN_TYPE = YES_ERROR;
				GCC_WARN_UNDECLARED_SELECTOR = YES;
				GCC_WARN_UNINITIALIZED_AUTOS = YES_AGGRESSIVE;
				GCC_WARN_UNUSED_FUNCTION = YES;
				GCC_WARN_UNUSED_VARIABLE = YES;
				LOCALIZATION_PREFERS_STRING_CATALOGS = YES;
				MTL_ENABLE_DEBUG_INFO = NO;
				MTL_FAST_MATH = YES;
				SWIFT_COMPILATION_MODE = wholemodule;
			};
			name = Release;
		};
		22D467662F0E766600DEC0E8 /* Debug */ = {
			isa = XCBuildConfiguration;
			buildSettings = {
				ASSETCATALOG_COMPILER_APPICON_NAME = AppIcon;
				ASSETCATALOG_COMPILER_GLOBAL_ACCENT_COLOR_NAME = AccentColor;
				CODE_SIGN_ENTITLEMENTS = PunchClock/PunchClock.entitlements;
				CODE_SIGN_STYLE = Automatic;
				CURRENT_PROJECT_VERSION = 1;
				DEVELOPMENT_TEAM = ADYRX8482X;
				ENABLE_APP_SANDBOX = YES;
				ENABLE_PREVIEWS = YES;
				ENABLE_USER_SELECTED_FILES = readonly;
				GENERATE_INFOPLIST_FILE = YES;
				INFOPLIST_KEY_CFBundleDisplayName = "Round Timer";
				INFOPLIST_KEY_NSSupportsLiveActivities = YES;
				"INFOPLIST_KEY_UIApplicationSceneManifest_Generation[sdk=iphoneos*]" = YES;
				"INFOPLIST_KEY_UIApplicationSceneManifest_Generation[sdk=iphonesimulator*]" = YES;
				"INFOPLIST_KEY_UIApplicationSupportsIndirectInputEvents[sdk=iphoneos*]" = YES;
				"INFOPLIST_KEY_UIApplicationSupportsIndirectInputEvents[sdk=iphonesimulator*]" = YES;
				INFOPLIST_KEY_UIBackgroundModes = "(audio)";
				"INFOPLIST_KEY_UILaunchScreen_Generation[sdk=iphoneos*]" = YES;
				"INFOPLIST_KEY_UILaunchScreen_Generation[sdk=iphonesimulator*]" = YES;
				"INFOPLIST_KEY_UIStatusBarStyle[sdk=iphoneos*]" = UIStatusBarStyleDefault;
				"INFOPLIST_KEY_UIStatusBarStyle[sdk=iphonesimulator*]" = UIStatusBarStyleDefault;
				INFOPLIST_KEY_UISupportedInterfaceOrientations_iPad = "UIInterfaceOrientationPortrait UIInterfaceOrientationPortraitUpsideDown UIInterfaceOrientationLandscapeLeft UIInterfaceOrientationLandscapeRight";
				INFOPLIST_KEY_UISupportedInterfaceOrientations_iPhone = "UIInterfaceOrientationPortrait UIInterfaceOrientationLandscapeLeft UIInterfaceOrientationLandscapeRight";
				IPHONEOS_DEPLOYMENT_TARGET = 16.2;
				LD_RUNPATH_SEARCH_PATHS = "@executable_path/Frameworks";
				"LD_RUNPATH_SEARCH_PATHS[sdk=macosx*]" = "@executable_path/../Frameworks";
				MACOSX_DEPLOYMENT_TARGET = 26.1;
				MARKETING_VERSION = 1.0;
				PRODUCT_BUNDLE_IDENTIFIER = com.frantisekfarkas.PunchClock;
				PRODUCT_NAME = "$(TARGET_NAME)";
				REGISTER_APP_GROUPS = YES;
				SDKROOT = auto;
				STRING_CATALOG_GENERATE_SYMBOLS = YES;
				SUPPORTED_PLATFORMS = "iphoneos iphonesimulator macosx xros xrsimulator";
				SWIFT_APPROACHABLE_CONCURRENCY = YES;
				SWIFT_DEFAULT_ACTOR_ISOLATION = MainActor;
				SWIFT_EMIT_LOC_STRINGS = YES;
				SWIFT_UPCOMING_FEATURE_MEMBER_IMPORT_VISIBILITY = YES;
				SWIFT_VERSION = 5.0;
				TARGETED_DEVICE_FAMILY = "1,2,7";
				XROS_DEPLOYMENT_TARGET = 26.2;
			};
			name = Debug;
		};
		22D467672F0E766600DEC0E8 /* Release */ = {
			isa = XCBuildConfiguration;
			buildSettings = {
				ASSETCATALOG_COMPILER_APPICON_NAME = AppIcon;
				ASSETCATALOG_COMPILER_GLOBAL_ACCENT_COLOR_NAME = AccentColor;
				CODE_SIGN_ENTITLEMENTS = PunchClock/PunchClock.entitlements;
				CODE_SIGN_STYLE = Automatic;
				CURRENT_PROJECT_VERSION = 1;
				DEVELOPMENT_TEAM = ADYRX8482X;
				ENABLE_APP_SANDBOX = YES;
				ENABLE_PREVIEWS = YES;
				ENABLE_USER_SELECTED_FILES = readonly;
				GENERATE_INFOPLIST_FILE = YES;
				INFOPLIST_KEY_CFBundleDisplayName = "Round Timer";
				INFOPLIST_KEY_NSSupportsLiveActivities = YES;
				"INFOPLIST_KEY_UIApplicationSceneManifest_Generation[sdk=iphoneos*]" = YES;
				"INFOPLIST_KEY_UIApplicationSceneManifest_Generation[sdk=iphonesimulator*]" = YES;
				"INFOPLIST_KEY_UIApplicationSupportsIndirectInputEvents[sdk=iphoneos*]" = YES;
				"INFOPLIST_KEY_UIApplicationSupportsIndirectInputEvents[sdk=iphonesimulator*]" = YES;
				INFOPLIST_KEY_UIBackgroundModes = "(audio)";
				"INFOPLIST_KEY_UILaunchScreen_Generation[sdk=iphoneos*]" = YES;
				"INFOPLIST_KEY_UILaunchScreen_Generation[sdk=iphonesimulator*]" = YES;
				"INFOPLIST_KEY_UIStatusBarStyle[sdk=iphoneos*]" = UIStatusBarStyleDefault;
				"INFOPLIST_KEY_UIStatusBarStyle[sdk=iphonesimulator*]" = UIStatusBarStyleDefault;
				INFOPLIST_KEY_UISupportedInterfaceOrientations_iPad = "UIInterfaceOrientationPortrait UIInterfaceOrientationPortraitUpsideDown UIInterfaceOrientationLandscapeLeft UIInterfaceOrientationLandscapeRight";
				INFOPLIST_KEY_UISupportedInterfaceOrientations_iPhone = "UIInterfaceOrientationPortrait UIInterfaceOrientationLandscapeLeft UIInterfaceOrientationLandscapeRight";
				IPHONEOS_DEPLOYMENT_TARGET = 16.2;
				LD_RUNPATH_SEARCH_PATHS = "@executable_path/Frameworks";
				"LD_RUNPATH_SEARCH_PATHS[sdk=macosx*]" = "@executable_path/../Frameworks";
				MACOSX_DEPLOYMENT_TARGET = 26.1;
				MARKETING_VERSION = 1.0;
				PRODUCT_BUNDLE_IDENTIFIER = com.frantisekfarkas.PunchClock;
				PRODUCT_NAME = "$(TARGET_NAME)";
				REGISTER_APP_GROUPS = YES;
				SDKROOT = auto;
				STRING_CATALOG_GENERATE_SYMBOLS = YES;
				SUPPORTED_PLATFORMS = "iphoneos iphonesimulator macosx xros xrsimulator";
				SWIFT_APPROACHABLE_CONCURRENCY = YES;
				SWIFT_DEFAULT_ACTOR_ISOLATION = MainActor;
				SWIFT_EMIT_LOC_STRINGS = YES;
				SWIFT_UPCOMING_FEATURE_MEMBER_IMPORT_VISIBILITY = YES;
				SWIFT_VERSION = 5.0;
				TARGETED_DEVICE_FAMILY = "1,2,7";
				XROS_DEPLOYMENT_TARGET = 26.2;
			};
			name = Release;
		};
		22D467692F0E766600DEC0E8 /* Debug */ = {
			isa = XCBuildConfiguration;
			buildSettings = {
				BUNDLE_LOADER = "$(TEST_HOST)";
				CODE_SIGN_STYLE = Automatic;
				CURRENT_PROJECT_VERSION = 1;
				GENERATE_INFOPLIST_FILE = YES;
				IPHONEOS_DEPLOYMENT_TARGET = 16.2;
				MACOSX_DEPLOYMENT_TARGET = 26.1;
				MARKETING_VERSION = 1.0;
				PRODUCT_BUNDLE_IDENTIFIER = com.frantisekfarkas.PunchClockTests;
				PRODUCT_NAME = "$(TARGET_NAME)";
				SDKROOT = auto;
				STRING_CATALOG_GENERATE_SYMBOLS = NO;
				SUPPORTED_PLATFORMS = "iphoneos iphonesimulator macosx xros xrsimulator";
				SWIFT_APPROACHABLE_CONCURRENCY = YES;
				SWIFT_EMIT_LOC_STRINGS = NO;
				SWIFT_UPCOMING_FEATURE_MEMBER_IMPORT_VISIBILITY = YES;
				SWIFT_VERSION = 5.0;
				TARGETED_DEVICE_FAMILY = "1,2,7";
				TEST_HOST = "$(BUILT_PRODUCTS_DIR)/PunchClock.app/$(BUNDLE_EXECUTABLE_FOLDER_PATH)/PunchClock";
				XROS_DEPLOYMENT_TARGET = 26.2;
			};
			name = Debug;
		};
		22D4676A2F0E766600DEC0E8 /* Release */ = {
			isa = XCBuildConfiguration;
			buildSettings = {
				BUNDLE_LOADER = "$(TEST_HOST)";
				CODE_SIGN_STYLE = Automatic;
				CURRENT_PROJECT_VERSION = 1;
				GENERATE_INFOPLIST_FILE = YES;
				IPHONEOS_DEPLOYMENT_TARGET = 16.2;
				MACOSX_DEPLOYMENT_TARGET = 26.1;
				MARKETING_VERSION = 1.0;
				PRODUCT_BUNDLE_IDENTIFIER = com.frantisekfarkas.PunchClockTests;
				PRODUCT_NAME = "$(TARGET_NAME)";
				SDKROOT = auto;
				STRING_CATALOG_GENERATE_SYMBOLS = NO;
				SUPPORTED_PLATFORMS = "iphoneos iphonesimulator macosx xros xrsimulator";
				SWIFT_APPROACHABLE_CONCURRENCY = YES;
				SWIFT_EMIT_LOC_STRINGS = NO;
				SWIFT_UPCOMING_FEATURE_MEMBER_IMPORT_VISIBILITY = YES;
				SWIFT_VERSION = 5.0;
				TARGETED_DEVICE_FAMILY = "1,2,7";
				TEST_HOST = "$(BUILT_PRODUCTS_DIR)/PunchClock.app/$(BUNDLE_EXECUTABLE_FOLDER_PATH)/PunchClock";
				XROS_DEPLOYMENT_TARGET = 26.2;
			};
			name = Release;
		};
		22D4676C2F0E766600DEC0E8 /* Debug */ = {
			isa = XCBuildConfiguration;
			buildSettings = {
				CODE_SIGN_STYLE = Automatic;
				CURRENT_PROJECT_VERSION = 1;
				GENERATE_INFOPLIST_FILE = YES;
				IPHONEOS_DEPLOYMENT_TARGET = 16.2;
				MACOSX_DEPLOYMENT_TARGET = 26.1;
				MARKETING_VERSION = 1.0;
				PRODUCT_BUNDLE_IDENTIFIER = com.frantisekfarkas.PunchClockUITests;
				PRODUCT_NAME = "$(TARGET_NAME)";
				SDKROOT = auto;
				STRING_CATALOG_GENERATE_SYMBOLS = NO;
				SUPPORTED_PLATFORMS = "iphoneos iphonesimulator macosx xros xrsimulator";
				SWIFT_APPROACHABLE_CONCURRENCY = YES;
				SWIFT_EMIT_LOC_STRINGS = NO;
				SWIFT_UPCOMING_FEATURE_MEMBER_IMPORT_VISIBILITY = YES;
				SWIFT_VERSION = 5.0;
				TARGETED_DEVICE_FAMILY = "1,2,7";
				TEST_TARGET_NAME = PunchClock;
				XROS_DEPLOYMENT_TARGET = 26.2;
			};
			name = Debug;
		};
		22D4676D2F0E766600DEC0E8 /* Release */ = {
			isa = XCBuildConfiguration;
			buildSettings = {
				CODE_SIGN_STYLE = Automatic;
				CURRENT_PROJECT_VERSION = 1;
				GENERATE_INFOPLIST_FILE = YES;
				IPHONEOS_DEPLOYMENT_TARGET = 16.2;
				MACOSX_DEPLOYMENT_TARGET = 26.1;
				MARKETING_VERSION = 1.0;
				PRODUCT_BUNDLE_IDENTIFIER = com.frantisekfarkas.PunchClockUITests;
				PRODUCT_NAME = "$(TARGET_NAME)";
				SDKROOT = auto;
				STRING_CATALOG_GENERATE_SYMBOLS = NO;
				SUPPORTED_PLATFORMS = "iphoneos iphonesimulator macosx xros xrsimulator";
				SWIFT_APPROACHABLE_CONCURRENCY = YES;
				SWIFT_EMIT_LOC_STRINGS = NO;
				SWIFT_UPCOMING_FEATURE_MEMBER_IMPORT_VISIBILITY = YES;
				SWIFT_VERSION = 5.0;
				TARGETED_DEVICE_FAMILY = "1,2,7";
				TEST_TARGET_NAME = PunchClock;
				XROS_DEPLOYMENT_TARGET = 26.2;
			};
			name = Release;
		};
		22D467A72F0E7F5F00DEC0E8 /* Debug */ = {
			isa = XCBuildConfiguration;
			buildSettings = {
				ASSETCATALOG_COMPILER_GLOBAL_ACCENT_COLOR_NAME = AccentColor;
				ASSETCATALOG_COMPILER_WIDGET_BACKGROUND_COLOR_NAME = WidgetBackground;
				CODE_SIGN_STYLE = Automatic;
				CURRENT_PROJECT_VERSION = 1;
				DEVELOPMENT_TEAM = ADYRX8482X;
				GENERATE_INFOPLIST_FILE = YES;
				INFOPLIST_FILE = PunchClockWidget/Info.plist;
				INFOPLIST_KEY_CFBundleDisplayName = PunchClockWidget;
				INFOPLIST_KEY_NSHumanReadableCopyright = "";
				IPHONEOS_DEPLOYMENT_TARGET = 16.2;
				LD_RUNPATH_SEARCH_PATHS = (
					"$(inherited)",
					"@executable_path/Frameworks",
					"@executable_path/../../Frameworks",
				);
				MARKETING_VERSION = 1.0;
				PRODUCT_BUNDLE_IDENTIFIER = com.frantisekfarkas.PunchClock.PunchClockWidget;
				PRODUCT_NAME = "$(TARGET_NAME)";
				SDKROOT = iphoneos;
				SKIP_INSTALL = YES;
				STRING_CATALOG_GENERATE_SYMBOLS = YES;
				SWIFT_APPROACHABLE_CONCURRENCY = YES;
				SWIFT_EMIT_LOC_STRINGS = YES;
				SWIFT_UPCOMING_FEATURE_MEMBER_IMPORT_VISIBILITY = YES;
				SWIFT_VERSION = 5.0;
				TARGETED_DEVICE_FAMILY = "1,2";
			};
			name = Debug;
		};
		22D467A82F0E7F5F00DEC0E8 /* Release */ = {
			isa = XCBuildConfiguration;
			buildSettings = {
				ASSETCATALOG_COMPILER_GLOBAL_ACCENT_COLOR_NAME = AccentColor;
				ASSETCATALOG_COMPILER_WIDGET_BACKGROUND_COLOR_NAME = WidgetBackground;
				CODE_SIGN_STYLE = Automatic;
				CURRENT_PROJECT_VERSION = 1;
				DEVELOPMENT_TEAM = ADYRX8482X;
				GENERATE_INFOPLIST_FILE = YES;
				INFOPLIST_FILE = PunchClockWidget/Info.plist;
				INFOPLIST_KEY_CFBundleDisplayName = PunchClockWidget;
				INFOPLIST_KEY_NSHumanReadableCopyright = "";
				IPHONEOS_DEPLOYMENT_TARGET = 16.2;
				LD_RUNPATH_SEARCH_PATHS = (
					"$(inherited)",
					"@executable_path/Frameworks",
					"@executable_path/../../Frameworks",
				);
				MARKETING_VERSION = 1.0;
				PRODUCT_BUNDLE_IDENTIFIER = com.frantisekfarkas.PunchClock.PunchClockWidget;
				PRODUCT_NAME = "$(TARGET_NAME)";
				SDKROOT = iphoneos;
				SKIP_INSTALL = YES;
				STRING_CATALOG_GENERATE_SYMBOLS = YES;
				SWIFT_APPROACHABLE_CONCURRENCY = YES;
				SWIFT_EMIT_LOC_STRINGS = YES;
				SWIFT_UPCOMING_FEATURE_MEMBER_IMPORT_VISIBILITY = YES;
				SWIFT_VERSION = 5.0;
				TARGETED_DEVICE_FAMILY = "1,2";
				VALIDATE_PRODUCT = YES;
			};
			name = Release;
		};
/* End XCBuildConfiguration section */

/* Begin XCConfigurationList section */
		2248D0E62F0FCE4C0090E930 /* Build configuration list for PBXNativeTarget "PunchClockWatch Watch App" */ = {
			isa = XCConfigurationList;
			buildConfigurations = (
				2248D0E72F0FCE4C0090E930 /* Debug */,
				2248D0E82F0FCE4C0090E930 /* Release */,
			);
			defaultConfigurationIsVisible = 0;
			defaultConfigurationName = Release;
		};
		2248D0EA2F0FCE4C0090E930 /* Build configuration list for PBXNativeTarget "PunchClockWatch" */ = {
			isa = XCConfigurationList;
			buildConfigurations = (
				2248D0EB2F0FCE4C0090E930 /* Debug */,
				2248D0EC2F0FCE4C0090E930 /* Release */,
			);
			defaultConfigurationIsVisible = 0;
			defaultConfigurationName = Release;
		};
		2248D0ED2F0FCE4C0090E930 /* Build configuration list for PBXNativeTarget "PunchClockWatch Watch AppTests" */ = {
			isa = XCConfigurationList;
			buildConfigurations = (
				2248D0EE2F0FCE4C0090E930 /* Debug */,
				2248D0EF2F0FCE4C0090E930 /* Release */,
			);
			defaultConfigurationIsVisible = 0;
			defaultConfigurationName = Release;
		};
		2248D0F02F0FCE4C0090E930 /* Build configuration list for PBXNativeTarget "PunchClockWatch Watch AppUITests" */ = {
			isa = XCConfigurationList;
			buildConfigurations = (
				2248D0F12F0FCE4C0090E930 /* Debug */,
				2248D0F22F0FCE4C0090E930 /* Release */,
			);
			defaultConfigurationIsVisible = 0;
			defaultConfigurationName = Release;
		};
		22D4673D2F0E766400DEC0E8 /* Build configuration list for PBXProject "PunchClock" */ = {
			isa = XCConfigurationList;
			buildConfigurations = (
				22D467632F0E766600DEC0E8 /* Debug */,
				22D467642F0E766600DEC0E8 /* Release */,
			);
			defaultConfigurationIsVisible = 0;
			defaultConfigurationName = Release;
		};
		22D467652F0E766600DEC0E8 /* Build configuration list for PBXNativeTarget "PunchClock" */ = {
			isa = XCConfigurationList;
			buildConfigurations = (
				22D467662F0E766600DEC0E8 /* Debug */,
				22D467672F0E766600DEC0E8 /* Release */,
			);
			defaultConfigurationIsVisible = 0;
			defaultConfigurationName = Release;
		};
		22D467682F0E766600DEC0E8 /* Build configuration list for PBXNativeTarget "PunchClockTests" */ = {
			isa = XCConfigurationList;
			buildConfigurations = (
				22D467692F0E766600DEC0E8 /* Debug */,
				22D4676A2F0E766600DEC0E8 /* Release */,
			);
			defaultConfigurationIsVisible = 0;
			defaultConfigurationName = Release;
		};
		22D4676B2F0E766600DEC0E8 /* Build configuration list for PBXNativeTarget "PunchClockUITests" */ = {
			isa = XCConfigurationList;
			buildConfigurations = (
				22D4676C2F0E766600DEC0E8 /* Debug */,
				22D4676D2F0E766600DEC0E8 /* Release */,
			);
			defaultConfigurationIsVisible = 0;
			defaultConfigurationName = Release;
		};
		22D467A62F0E7F5F00DEC0E8 /* Build configuration list for PBXNativeTarget "PunchClockWidgetExtension" */ = {
			isa = XCConfigurationList;
			buildConfigurations = (
				22D467A72F0E7F5F00DEC0E8 /* Debug */,
				22D467A82F0E7F5F00DEC0E8 /* Release */,
			);
			defaultConfigurationIsVisible = 0;
			defaultConfigurationName = Release;
		};
/* End XCConfigurationList section */
	};
	rootObject = 22D4673A2F0E766400DEC0E8 /* Project object */;
}
